
Microsoft Visual Studio Solution File, Format Version 12.00
# Visual Studio Version 17
VisualStudioVersion = 17.13.35825.156
MinimumVisualStudioVersion = 10.0.40219.1
Project("{FAE04EC0-301F-11D3-BF4B-00C04F79EFBC}") = "PaymentProcessorUI", "PaymentProcessorUI\PaymentProcessorUI.csproj", "{F14CA349-4BE3-4A78-A7C9-D70620326DBE}"
EndProject
Project("{FAE04EC0-301F-11D3-BF4B-00C04F79EFBC}") = "TsysProcessor", "TSYSProcessor\TsysProcessor.csproj", "{D9E8F91A-2F1A-436F-8793-71980D59F677}"
EndProject
Project("{FAE04EC0-301F-11D3-BF4B-00C04F79EFBC}") = "Payment.Messages", "Payment.Messages\Payment.Messages.csproj", "{4E41CE4B-8BBD-44E4-82A1-81402B7DD4C4}"
EndProject
Project("{FAE04EC0-301F-11D3-BF4B-00C04F79EFBC}") = "Payment.Workflow", "Payment.Workflow\Payment.Workflow.csproj", "{F438B5C7-DE43-4C1F-B4A5-A373FE3260B3}"
EndProject
Project("{FAE04EC0-301F-11D3-BF4B-00C04F79EFBC}") = "Payment.Processor", "Payment.Processor\Payment.Processor.csproj", "{B935AAB5-FEB4-4527-9388-99A8B16E70D3}"
EndProject
Project("{2150E333-8FDC-42A3-9474-1A3956D46DE8}") = "Libraries", "Libraries", "{02EA681E-C7D8-13C7-8484-4AC65E1B71E8}"
EndProject
Project("{FAE04EC0-301F-11D3-BF4B-00C04F79EFBC}") = "PayaACHProcessor", "PayaACHProcessor\PayaACHProcessor.csproj", "{0ADC713A-5CB7-4207-AD4E-AB60C47C7834}"
EndProject
Project("{FAE04EC0-301F-11D3-BF4B-00C04F79EFBC}") = "Tests.Payment.Messages", "Tests.Payment.Messages\Tests.Payment.Messages.csproj", "{21246A84-042D-4B5D-AEE0-0B2EBBCB2C04}"
EndProject
Project("{2150E333-8FDC-42A3-9474-1A3956D46DE8}") = "Processors", "Processors", "{624687F5-D224-4733-8238-C665A29D5ECE}"
EndProject
Project("{2150E333-8FDC-42A3-9474-1A3956D46DE8}") = "Tests", "Tests", "{FD1E76A8-A633-4A07-9874-3A467C32A0FF}"
EndProject
Project("{2150E333-8FDC-42A3-9474-1A3956D46DE8}") = "Integrations", "Integrations", "{47978686-B290-4DAA-890C-7F5B801619A7}"
EndProject
Project("{FAE04EC0-301F-11D3-BF4B-00C04F79EFBC}") = "Tests.Payment.Workflow", "Tests.Payment.Workflow\Tests.Payment.Workflow.csproj", "{6D91419B-A2CF-6021-0245-C97979B23D19}"
EndProject
Project("{FAE04EC0-301F-11D3-BF4B-00C04F79EFBC}") = "Tests.Payment.Processor", "Tests.Payment.Processor\Tests.Payment.Processor.csproj", "{D76DD5C0-CF05-422E-8F7D-C1D5C20DC2C0}"
EndProject
Global
	GlobalSection(SolutionConfigurationPlatforms) = preSolution
		Debug|Any CPU = Debug|Any CPU
		Release|Any CPU = Release|Any CPU
	EndGlobalSection
	GlobalSection(ProjectConfigurationPlatforms) = postSolution
		{F14CA349-4BE3-4A78-A7C9-D70620326DBE}.Debug|Any CPU.ActiveCfg = Debug|Any CPU
		{F14CA349-4BE3-4A78-A7C9-D70620326DBE}.Debug|Any CPU.Build.0 = Debug|Any CPU
		{F14CA349-4BE3-4A78-A7C9-D70620326DBE}.Release|Any CPU.ActiveCfg = Release|Any CPU
		{F14CA349-4BE3-4A78-A7C9-D70620326DBE}.Release|Any CPU.Build.0 = Release|Any CPU
		{D9E8F91A-2F1A-436F-8793-71980D59F677}.Debug|Any CPU.ActiveCfg = Debug|Any CPU
		{D9E8F91A-2F1A-436F-8793-71980D59F677}.Debug|Any CPU.Build.0 = Debug|Any CPU
		{D9E8F91A-2F1A-436F-8793-71980D59F677}.Release|Any CPU.ActiveCfg = Release|Any CPU
		{D9E8F91A-2F1A-436F-8793-71980D59F677}.Release|Any CPU.Build.0 = Release|Any CPU
		{4E41CE4B-8BBD-44E4-82A1-81402B7DD4C4}.Debug|Any CPU.ActiveCfg = Debug|Any CPU
		{4E41CE4B-8BBD-44E4-82A1-81402B7DD4C4}.Debug|Any CPU.Build.0 = Debug|Any CPU
		{4E41CE4B-8BBD-44E4-82A1-81402B7DD4C4}.Release|Any CPU.ActiveCfg = Release|Any CPU
		{4E41CE4B-8BBD-44E4-82A1-81402B7DD4C4}.Release|Any CPU.Build.0 = Release|Any CPU
		{F438B5C7-DE43-4C1F-B4A5-A373FE3260B3}.Debug|Any CPU.ActiveCfg = Debug|Any CPU
		{F438B5C7-DE43-4C1F-B4A5-A373FE3260B3}.Debug|Any CPU.Build.0 = Debug|Any CPU
		{F438B5C7-DE43-4C1F-B4A5-A373FE3260B3}.Release|Any CPU.ActiveCfg = Release|Any CPU
		{F438B5C7-DE43-4C1F-B4A5-A373FE3260B3}.Release|Any CPU.Build.0 = Release|Any CPU
		{B935AAB5-FEB4-4527-9388-99A8B16E70D3}.Debug|Any CPU.ActiveCfg = Debug|Any CPU
		{B935AAB5-FEB4-4527-9388-99A8B16E70D3}.Debug|Any CPU.Build.0 = Debug|Any CPU
		{B935AAB5-FEB4-4527-9388-99A8B16E70D3}.Release|Any CPU.ActiveCfg = Release|Any CPU
		{B935AAB5-FEB4-4527-9388-99A8B16E70D3}.Release|Any CPU.Build.0 = Release|Any CPU
		{0ADC713A-5CB7-4207-AD4E-AB60C47C7834}.Debug|Any CPU.ActiveCfg = Debug|Any CPU
		{0ADC713A-5CB7-4207-AD4E-AB60C47C7834}.Debug|Any CPU.Build.0 = Debug|Any CPU
		{0ADC713A-5CB7-4207-AD4E-AB60C47C7834}.Release|Any CPU.ActiveCfg = Release|Any CPU
		{0ADC713A-5CB7-4207-AD4E-AB60C47C7834}.Release|Any CPU.Build.0 = Release|Any CPU
		{21246A84-042D-4B5D-AEE0-0B2EBBCB2C04}.Debug|Any CPU.ActiveCfg = Debug|Any CPU
		{21246A84-042D-4B5D-AEE0-0B2EBBCB2C04}.Debug|Any CPU.Build.0 = Debug|Any CPU
		{21246A84-042D-4B5D-AEE0-0B2EBBCB2C04}.Release|Any CPU.ActiveCfg = Release|Any CPU
		{21246A84-042D-4B5D-AEE0-0B2EBBCB2C04}.Release|Any CPU.Build.0 = Release|Any CPU
		{6D91419B-A2CF-6021-0245-C97979B23D19}.Debug|Any CPU.ActiveCfg = Debug|Any CPU
		{6D91419B-A2CF-6021-0245-C97979B23D19}.Debug|Any CPU.Build.0 = Debug|Any CPU
		{6D91419B-A2CF-6021-0245-C97979B23D19}.Release|Any CPU.ActiveCfg = Release|Any CPU
		{6D91419B-A2CF-6021-0245-C97979B23D19}.Release|Any CPU.Build.0 = Release|Any CPU
		{D76DD5C0-CF05-422E-8F7D-C1D5C20DC2C0}.Debug|Any CPU.ActiveCfg = Debug|Any CPU
		{D76DD5C0-CF05-422E-8F7D-C1D5C20DC2C0}.Debug|Any CPU.Build.0 = Debug|Any CPU
		{D76DD5C0-CF05-422E-8F7D-C1D5C20DC2C0}.Release|Any CPU.ActiveCfg = Release|Any CPU
		{D76DD5C0-CF05-422E-8F7D-C1D5C20DC2C0}.Release|Any CPU.Build.0 = Release|Any CPU
	EndGlobalSection
	GlobalSection(SolutionProperties) = preSolution
		HideSolutionNode = FALSE
	EndGlobalSection
	GlobalSection(NestedProjects) = preSolution
		{F14CA349-4BE3-4A78-A7C9-D70620326DBE} = {FD1E76A8-A633-4A07-9874-3A467C32A0FF}
		{D9E8F91A-2F1A-436F-8793-71980D59F677} = {47978686-B290-4DAA-890C-7F5B801619A7}
		{4E41CE4B-8BBD-44E4-82A1-81402B7DD4C4} = {02EA681E-C7D8-13C7-8484-4AC65E1B71E8}
		{F438B5C7-DE43-4C1F-B4A5-A373FE3260B3} = {02EA681E-C7D8-13C7-8484-4AC65E1B71E8}
		{B935AAB5-FEB4-4527-9388-99A8B16E70D3} = {02EA681E-C7D8-13C7-8484-4AC65E1B71E8}
		{0ADC713A-5CB7-4207-AD4E-AB60C47C7834} = {47978686-B290-4DAA-890C-7F5B801619A7}
		{21246A84-042D-4B5D-AEE0-0B2EBBCB2C04} = {02EA681E-C7D8-13C7-8484-4AC65E1B71E8}
		{FD1E76A8-A633-4A07-9874-3A467C32A0FF} = {624687F5-D224-4733-8238-C665A29D5ECE}
		{47978686-B290-4DAA-890C-7F5B801619A7} = {624687F5-D224-4733-8238-C665A29D5ECE}
		{6D91419B-A2CF-6021-0245-C97979B23D19} = {02EA681E-C7D8-13C7-8484-4AC65E1B71E8}
		{D76DD5C0-CF05-422E-8F7D-C1D5C20DC2C0} = {02EA681E-C7D8-13C7-8484-4AC65E1B71E8}
	EndGlobalSection
	GlobalSection(ExtensibilityGlobals) = postSolution
		SolutionGuid = {5052A11C-9DD6-4631-8FC5-FAADC4F0D145}
	EndGlobalSection
EndGlobal
